
Microsoft Visual Studio Solution File, Format Version 11.00
# Visual Studio 2010
Project("{FAE04EC0-301F-11D3-BF4B-00C04F79EFBC}") = "Assembly-CSharp", "Assembly-CSharp.csproj", "{B3B672A3-88E1-0FC1-63F0-151AA04D71F7}"
EndProject
Project("{FAE04EC0-301F-11D3-BF4B-00C04F79EFBC}") = "Assembly-CSharp-Editor", "Assembly-CSharp-Editor.csproj", "{C8F07C28-730E-C206-57AD-B87B0E5DC598}"
EndProject
Global
	GlobalSection(SolutionConfigurationPlatforms) = preSolution
		Debug|Any CPU = Debug|Any CPU
		Release|Any CPU = Release|Any CPU
	EndGlobalSection
	GlobalSection(ProjectConfigurationPlatforms) = postSolution
		{B3B672A3-88E1-0FC1-63F0-151AA04D71F7}.Debug|Any CPU.ActiveCfg = Debug|Any CPU
		{B3B672A3-88E1-0FC1-63F0-151AA04D71F7}.Debug|Any CPU.Build.0 = Debug|Any CPU
		{B3B672A3-88E1-0FC1-63F0-151AA04D71F7}.Release|Any CPU.ActiveCfg = Release|Any CPU
		{B3B672A3-88E1-0FC1-63F0-151AA04D71F7}.Release|Any CPU.Build.0 = Release|Any CPU
		{C8F07C28-730E-C206-57AD-B87B0E5DC598}.Debug|Any CPU.ActiveCfg = Debug|Any CPU
		{C8F07C28-730E-C206-57AD-B87B0E5DC598}.Debug|Any CPU.Build.0 = Debug|Any CPU
		{C8F07C28-730E-C206-57AD-B87B0E5DC598}.Release|Any CPU.ActiveCfg = Release|Any CPU
		{C8F07C28-730E-C206-57AD-B87B0E5DC598}.Release|Any CPU.Build.0 = Release|Any CPU
	EndGlobalSection
	GlobalSection(SolutionProperties) = preSolution
		HideSolutionNode = FALSE
	EndGlobalSection
	GlobalSection(MonoDevelopProperties) = preSolution
		StartupItem = Assembly-CSharp.csproj
	EndGlobalSection
EndGlobal
